version = 1
revision = 5
requires-python = ">=3.10"

[[package]]
name = "dbus-next"
version = "0.2.3"
source = { registry = "https://mirrors.tuna.tsinghua.edu.cn/pypi/web/simple" }
sdist = { url = "https://mirrors.tuna.tsinghua.edu.cn/pypi/web/packages/ce/45/6a40fbe886d60a8c26f480e7d12535502b5ba123814b3b9a0b002ebca198/dbus_next-0.2.3.tar.gz", hash = "sha256:f4eae26909332ada528c0a3549dda8d4f088f9b365153952a408e28023a626a5", size = 71112, upload-time = "2021-07-25T22:11:28.398Z" }
wheels = [
    { url = "https://mirrors.tuna.tsinghua.edu.cn/pypi/web/packages/d2/fc/c0a3f4c4eaa5a22fbef91713474666e13d0ea2a69c84532579490a9f2cc8/dbus_next-0.2.3-py3-none-any.whl", hash = "sha256:58948f9aff9db08316734c0be2a120f6dc502124d9642f55e90ac82ffb16a18b", size = 57885, upload-time = "2021-07-25T22:11:25.466Z" },
]

[[package]]
name = "pyalpm"
version = "0.10.12"
source = { registry = "https://mirrors.tuna.tsinghua.edu.cn/pypi/web/simple" }
sdist = { url = "https://mirrors.tuna.tsinghua.edu.cn/pypi/web/packages/fa/33/fb965c94a703b2f62741a52911446fe85e7effc677d54d1a8cd0033f4848/pyalpm-0.10.12.tar.gz", hash = "sha256:8c6cb4bbba819f99fe6c2547f25a861f68905d96729caf1ea15ba6c43d4f1127", size = 52295, upload-time = "2025-05-27T10:33:58.208Z" }

[[package]]
name = "pycairo"
version = "1.29.1"
source = { registry = "https://mirrors.tuna.tsinghua.edu.cn/pypi/web/simple" }
sdist = { url = "https://mirrors.tuna.tsinghua.edu.cn/pypi/web/packages/26/7c/ab4637b028d9ee12280ab9342f28310e613d5ca30c4d72d2aebeaa6a4969/pycairo-1.29.1.tar.gz", hash = "sha256:4fbd26b4af24c9787d84cf5448e34eb8dca064b732479aaecd03109520eebd5f", size = 666272, upload-time = "2026-08-07T08:45:50.095Z" }
wheels = [
    { url = "https://mirrors.tuna.tsinghua.edu.cn/pypi/web/packages/1d/70/358f2a617c024d491a8db8cc40f090c2fdb771c13ae5afb2c82471166663/pycairo-1.29.1-cp310-cp310-win32.whl", hash = "sha256:46abf30e61d4c27022296e858af900d3e5dae764c1e6acfb9b9e4082af860131", size = 751304, upload-time = "2026-08-07T08:46:02.516Z" },
    { url = "https://mirrors.tuna.tsinghua.edu.cn/pypi/web/packages/b7/29/359b2bacc7e2d85e02e18fc4edd6e6f9c3807c518e04e95c5222c5980d05/pycairo-1.29.1-cp310-cp310-win_amd64.whl", hash = "sha256:507fefbddc8eeb27862a815c4a4ec648f06d6e22a671e00dcbe766a899e4bcef", size = 845458, upload-time = "2026-08-07T08:46:03.838Z" },
    { url = "https://mirrors.tuna.tsinghua.edu.cn/pypi/web/packages/b3/1c/a8f3649b867fd7e176ac530935fd00fb0e22dd9863c84f304ccb80b1878b/pycairo-1.29.1-cp310-cp310-win_arm64.whl", hash = "sha256:eae57db7719c8b717f0d69fe81a1586621dcbfd7f92a1277a181dd89e754be25", size = 694624, upload-time = "2026-08-07T08:46:05.458Z" },
    { url = "https://mirrors.tuna.tsinghua.edu.cn/pypi/web/packages/4d/83/d2dfb322cc3acc583aa6e8e601e7c320108804f3f3c677383f23a0de8624/pycairo-1.29.1-cp311-cp311-win32.whl", hash = "sha256:50da6e8eb1525f216e564b3e634b19ede5465080d4fa813416ed45a69b3f6605", size = 751309, upload-time = "2026-08-07T08:46:07.317Z" },
    { url = "https://mirrors.tuna.tsinghua.edu.cn/pypi/web/packages/34/e6/f09d1c0ca4a887aea020774c59adabc04b7e1d2f00287ef48473540001e5/pycairo-1.29.1-cp311-cp311-win_amd64.whl", hash = "sha256:73a364341ce6b382200d13cfdf814f8ea50a8a2e0f8280c2d2e7dfb3ba52edcf", size = 845463, upload-time = "2026-08-07T08:46:09.287Z" },
    { url = "https://mirrors.tuna.tsinghua.edu.cn/pypi/web/packages/69/a6/84415dce82c4865169847acc2de7895a1463956569383f17cb39e89f1287/pycairo-1.29.1-cp311-cp311-win_arm64.whl", hash = "sha256:59eb4a6d1101834a7ba2c7a8096fccd54eb8514d8189f896b4a8e24a19cfa1f0", size = 694560, upload-time = "2026-08-07T08:46:10.657Z" },
    { url = "https://mirrors.tuna.tsinghua.edu.cn/pypi/web/packages/72/f6/b6a2e016cf0df97b2cd094c228c9303af21d626993607d8ea750ea8b704b/pycairo-1.29.1-cp312-cp312-win32.whl", hash = "sha256:cf25a97a15bedd0cdabee5b18652de45eff70b4a7999416ed18dcee2144d17f5", size = 751363, upload-time = "2026-08-07T08:46:12.545Z" },
    { url = "https://mirrors.tuna.tsinghua.edu.cn/pypi/web/packages/69/7e/7be1346df5ab8cd7f748f2d17d25d61f34550cfd141f60e8319e9c70df87/pycairo-1.29.1-cp312-cp312-win_amd64.whl", hash = "sha256:839cd8c98e1933426d8959168b466901b398bf4867454451023b93d91030cca9", size = 846004, upload-time = "2026-08-07T08:46:14.067Z" },
    { url = "https://mirrors.tuna.tsinghua.edu.cn/pypi/web/packages/04/97/40966895bc12319ff3173cbb5d7876149a8e90e99bbf3b70e4af492c73a9/pycairo-1.29.1-cp312-cp312-win_arm64.whl", hash = "sha256:7cb6279cf0a7951ae9aaa21c6a0adff0fce62c0a68797b6a26a54f9a0859ad4d", size = 694560, upload-time = "2026-08-07T08:46:15.839Z" },
    { url = "https://mirrors.tuna.tsinghua.edu.cn/pypi/web/packages/95/7d/26191cac03e8c0d957856839736ee9fb45c6d4ae68c30393895558f1f7ad/pycairo-1.29.1-cp313-cp313-win32.whl", hash = "sha256:4506a15f0dcd9d65b2706f417f8e5633e1456867d5cf272dc69c0b48e2302842", size = 750753, upload-time = "2026-08-07T08:46:17.523Z" },
    { url = "https://mirrors.tuna.tsinghua.edu.cn/pypi/web/packages/81/ba/3499ae0f6f8be6d55ef5db620a60693b4ef925b710890bf66c17aeff036e/pycairo-1.29.1-cp313-cp313-win_amd64.whl", hash = "sha256:859f5f29d7c30fc28dbc5ce91eb30a45e0b7e447a7bd738c231dd7f9be368d1a", size = 844528, upload-time = "2026-08-07T08:46:19.1Z" },
    { url = "https://mirrors.tuna.tsinghua.edu.cn/pypi/web/packages/91/c1/f83f25aab64418d4de6527cbf951988fc9449020e416113e3a7a4ad7e7b8/pycairo-1.29.1-cp313-cp313-win_arm64.whl", hash = "sha256:0c6159117680798da1457404b648e69b0a0eb23597b22f8a97315eaeea19f917", size = 693588, upload-time = "2026-08-07T08:46:21.087Z" },
    { url = "https://mirrors.tuna.tsinghua.edu.cn/pypi/web/packages/9d/ef/87408894ebef901c2accde14dcacfbdbd9bc9abe617039ee6ff382847b75/pycairo-1.29.1-cp314-cp314-win32.whl", hash = "sha256:7222587a4ae1674287c17d10d1c42c4219914f7ef64cac4b2fb995df4f7918cb", size = 767089, upload-time = "2026-08-07T08:46:25.92Z" },
    { url = "https://mirrors.tuna.tsinghua.edu.cn/pypi/web/packages/1d/13/aef0ea29661a2fa0cadb3cbb470b514d439efe763cafc956c8b740ad1480/pycairo-1.29.1-cp314-cp314-win_amd64.whl", hash = "sha256:f635a60b7525661b562061e4b1635670b804d1efc9c7f40796c2fa14b24c3ddf", size = 872072, upload-time = "2026-08-07T08:46:27.605Z" },
    { url = "https://mirrors.tuna.tsinghua.edu.cn/pypi/web/packages/68/95/fc823a255ed1967ec5bda7243247a2fb484faf868c0cd1ffd1425ae515e8/pycairo-1.29.1-cp314-cp314-win_arm64.whl", hash = "sha256:b5db545cc8e59fe9bb68039db86c5ebcf9d1e6417695d0d2cb5530e67d925af9", size = 719612, upload-time = "2026-08-07T08:46:29.127Z" },
    { url = "https://mirrors.tuna.tsinghua.edu.cn/pypi/web/packages/ef/25/4cd521dd9e0f280930717bb93499c50008a6f14b312649d34a54dbd1df71/pycairo-1.29.1-cp314-cp314t-win_amd64.whl", hash = "sha256:3836feabfaf35ef9c502234c5924f3b2db935b6c55d8850ed190b3a58ab3b4ca", size = 874492, upload-time = "2026-08-07T08:46:22.695Z" },
    { url = "https://mirrors.tuna.tsinghua.edu.cn/pypi/web/packages/c2/ee/006df2caa60f2df242b9baf13ab95d4575b47acabc54f3ab6d757d3a9691/pycairo-1.29.1-cp314-cp314t-win_arm64.whl", hash = "sha256:85127fb834a8a37a550fa5c684a4c49fc546b465a64ac8df94d7728914a56279", size = 721461, upload-time = "2026-08-07T08:46:24.104Z" },
    { url = "https://mirrors.tuna.tsinghua.edu.cn/pypi/web/packages/ce/ec/4466cce6363c07759d04f9481f81d84a6dc506b735e795c193eb63e4f9ef/pycairo-1.29.1-cp315-cp315-win_amd64.whl", hash = "sha256:5c51bd98d2190841389845deae8243479393c1f2d9423de85e9fb4c95afebc10", size = 872007, upload-time = "2026-08-07T08:46:34.392Z" },
    { url = "https://mirrors.tuna.tsinghua.edu.cn/pypi/web/packages/92/03/214ee759a86bd821e306c2071aef0de9c201020e7690f9cf165fa2d61d42/pycairo-1.29.1-cp315-cp315-win_arm64.whl", hash = "sha256:e923875c96cfe935d632de50aeebf49db7dffdd23f9042587c3f34af7596868e", size = 719602, upload-time = "2026-08-07T08:46:35.802Z" },
    { url = "https://mirrors.tuna.tsinghua.edu.cn/pypi/web/packages/14/df/b163de08eb5307eacda6ee98001a4b920df8432d49f1da9b8d1c8d0342f5/pycairo-1.29.1-cp315-cp315t-win_amd64.whl", hash = "sha256:12515e71e2f17db8c40911ff089c23c465f92ddbabb89cd01304f275030c80ec", size = 874517, upload-time = "2026-08-07T08:46:30.779Z" },
    { url = "https://mirrors.tuna.tsinghua.edu.cn/pypi/web/packages/ab/04/81a13cde3c6685186fd79770d619c9b861d51de7450975618a85e8676772/pycairo-1.29.1-cp315-cp315t-win_arm64.whl", hash = "sha256:e5dde8dc08d92ad6935d1a45ff6ea71ea6d5739ed08dbf8677313935f94d5c6d", size = 721459, upload-time = "2026-08-07T08:46:32.19Z" },
]

[[package]]
name = "pygobject"
version = "3.58.0"
source = { registry = "https://mirrors.tuna.tsinghua.edu.cn/pypi/web/simple" }
dependencies = [
    { name = "pycairo" },
]
sdist = { url = "https://mirrors.tuna.tsinghua.edu.cn/pypi/web/packages/a3/9b/473a5234ec86bce978d3583adc62441c84cc57181c4ea8a8978997c7f0c1/pygobject-3.58.0.tar.gz", hash = "sha256:45068697de3ffe46840ca369705f23118b34db4f7deb63f6eff079a6734ddcca", size = 1408568, upload-time = "2026-08-28T06:50:27.22Z" }

[[package]]
name = "updated"
version = "0.1.8"
source = { editable = "." }
dependencies = [
    { name = "dbus-next" },
    { name = "pyalpm" },
]

[package.optional-dependencies]
gui = [
    { name = "pygobject" },
]

[package.metadata]
requires-dist = [
    { name = "dbus-next", specifier = ">=0.2.3" },
    { name = "pyalpm", specifier = ">=0.10" },
    { name = "pygobject", marker = "extra == 'gui'", specifier = ">=3.46" },
]
provides-extras = ["gui"]
